
Microsoft Visual Studio Solution File, Format Version 12.00
# Visual Studio Version 16
VisualStudioVersion = 16.0.30517.126
MinimumVisualStudioVersion = 10.0.40219.1
Project("{9A19103F-16F7-4668-BE54-9A1E7A4F7556}") = "VentasAPI", "VentasAPI\VentasAPI.csproj", "{B3299403-8531-480C-8039-803672E7B3A7}"
EndProject
Project("{FAE04EC0-301F-11D3-BF4B-00C04F79EFBC}") = "VentasReact", "VentasReact\VentasReact.csproj", "{B1B1D5D2-7771-4BA2-9A6E-DE03DB3AD230}"
EndProject
Global
	GlobalSection(SolutionConfigurationPlatforms) = preSolution
		Debug|Any CPU = Debug|Any CPU
		Release|Any CPU = Release|Any CPU
	EndGlobalSection
	GlobalSection(ProjectConfigurationPlatforms) = postSolution
		{B3299403-8531-480C-8039-803672E7B3A7}.Debug|Any CPU.ActiveCfg = Debug|Any CPU
		{B3299403-8531-480C-8039-803672E7B3A7}.Debug|Any CPU.Build.0 = Debug|Any CPU
		{B3299403-8531-480C-8039-803672E7B3A7}.Release|Any CPU.ActiveCfg = Release|Any CPU
		{B3299403-8531-480C-8039-803672E7B3A7}.Release|Any CPU.Build.0 = Release|Any CPU
		{B1B1D5D2-7771-4BA2-9A6E-DE03DB3AD230}.Debug|Any CPU.ActiveCfg = Debug|Any CPU
		{B1B1D5D2-7771-4BA2-9A6E-DE03DB3AD230}.Debug|Any CPU.Build.0 = Debug|Any CPU
		{B1B1D5D2-7771-4BA2-9A6E-DE03DB3AD230}.Release|Any CPU.ActiveCfg = Release|Any CPU
		{B1B1D5D2-7771-4BA2-9A6E-DE03DB3AD230}.Release|Any CPU.Build.0 = Release|Any CPU
	EndGlobalSection
	GlobalSection(SolutionProperties) = preSolution
		HideSolutionNode = FALSE
	EndGlobalSection
	GlobalSection(ExtensibilityGlobals) = postSolution
		SolutionGuid = {DB134D6D-5786-4F76-8EE2-F660C2C60824}
	EndGlobalSection
EndGlobal
